
Microsoft Visual Studio Solution File, Format Version 12.00
# Visual Studio 2012
Project("{FAE04EC0-301F-11D3-BF4B-00C04F79EFBC}") = "01-LeapYear", "01-LeapYear\01-LeapYear.csproj", "{392A1835-4B89-449C-9DB1-176AF2045E09}"
EndProject
Project("{FAE04EC0-301F-11D3-BF4B-00C04F79EFBC}") = "02-RandomGeneration", "02-RandomGeneration\02-RandomGeneration.csproj", "{80365814-17F1-4439-BF06-D6BF5D8729C9}"
EndProject
Project("{FAE04EC0-301F-11D3-BF4B-00C04F79EFBC}") = "03-CurrentDay", "03-CurrentDay\03-CurrentDay.csproj", "{92DE4979-319A-42A7-B6C8-0976B902633A}"
EndProject
Project("{FAE04EC0-301F-11D3-BF4B-00C04F79EFBC}") = "04-TriangleSurfaceCalc", "04-TriangleSurfaceCalc\04-TriangleSurfaceCalc.csproj", "{8EAE443E-AB42-4536-A2DE-F000D814D0A8}"
EndProject
Project("{FAE04EC0-301F-11D3-BF4B-00C04F79EFBC}") = "05-WorkDays", "05-WorkDays\05-WorkDays.csproj", "{48CE7F6E-5167-4745-BEC4-3ADAAB4BCDA2}"
EndProject
Project("{FAE04EC0-301F-11D3-BF4B-00C04F79EFBC}") = "06-SplitFunction", "06-SplitFunction\06-SplitFunction.csproj", "{B1878B45-13CB-4D9B-9B5B-75A95809B048}"
EndProject
Project("{FAE04EC0-301F-11D3-BF4B-00C04F79EFBC}") = "07-MathExpression", "07-MathExpression\07-MathExpression.csproj", "{0877FF0D-E5D4-4434-AFBE-F6716EE0FF2D}"
EndProject
Global
	GlobalSection(SolutionConfigurationPlatforms) = preSolution
		Debug|Any CPU = Debug|Any CPU
		Release|Any CPU = Release|Any CPU
	EndGlobalSection
	GlobalSection(ProjectConfigurationPlatforms) = postSolution
		{392A1835-4B89-449C-9DB1-176AF2045E09}.Debug|Any CPU.ActiveCfg = Debug|Any CPU
		{392A1835-4B89-449C-9DB1-176AF2045E09}.Debug|Any CPU.Build.0 = Debug|Any CPU
		{392A1835-4B89-449C-9DB1-176AF2045E09}.Release|Any CPU.ActiveCfg = Release|Any CPU
		{392A1835-4B89-449C-9DB1-176AF2045E09}.Release|Any CPU.Build.0 = Release|Any CPU
		{80365814-17F1-4439-BF06-D6BF5D8729C9}.Debug|Any CPU.ActiveCfg = Debug|Any CPU
		{80365814-17F1-4439-BF06-D6BF5D8729C9}.Debug|Any CPU.Build.0 = Debug|Any CPU
		{80365814-17F1-4439-BF06-D6BF5D8729C9}.Release|Any CPU.ActiveCfg = Release|Any CPU
		{80365814-17F1-4439-BF06-D6BF5D8729C9}.Release|Any CPU.Build.0 = Release|Any CPU
		{92DE4979-319A-42A7-B6C8-0976B902633A}.Debug|Any CPU.ActiveCfg = Debug|Any CPU
		{92DE4979-319A-42A7-B6C8-0976B902633A}.Debug|Any CPU.Build.0 = Debug|Any CPU
		{92DE4979-319A-42A7-B6C8-0976B902633A}.Release|Any CPU.ActiveCfg = Release|Any CPU
		{92DE4979-319A-42A7-B6C8-0976B902633A}.Release|Any CPU.Build.0 = Release|Any CPU
		{8EAE443E-AB42-4536-A2DE-F000D814D0A8}.Debug|Any CPU.ActiveCfg = Debug|Any CPU
		{8EAE443E-AB42-4536-A2DE-F000D814D0A8}.Debug|Any CPU.Build.0 = Debug|Any CPU
		{8EAE443E-AB42-4536-A2DE-F000D814D0A8}.Release|Any CPU.ActiveCfg = Release|Any CPU
		{8EAE443E-AB42-4536-A2DE-F000D814D0A8}.Release|Any CPU.Build.0 = Release|Any CPU
		{48CE7F6E-5167-4745-BEC4-3ADAAB4BCDA2}.Debug|Any CPU.ActiveCfg = Debug|Any CPU
		{48CE7F6E-5167-4745-BEC4-3ADAAB4BCDA2}.Debug|Any CPU.Build.0 = Debug|Any CPU
		{48CE7F6E-5167-4745-BEC4-3ADAAB4BCDA2}.Release|Any CPU.ActiveCfg = Release|Any CPU
		{48CE7F6E-5167-4745-BEC4-3ADAAB4BCDA2}.Release|Any CPU.Build.0 = Release|Any CPU
		{B1878B45-13CB-4D9B-9B5B-75A95809B048}.Debug|Any CPU.ActiveCfg = Debug|Any CPU
		{B1878B45-13CB-4D9B-9B5B-75A95809B048}.Debug|Any CPU.Build.0 = Debug|Any CPU
		{B1878B45-13CB-4D9B-9B5B-75A95809B048}.Release|Any CPU.ActiveCfg = Release|Any CPU
		{B1878B45-13CB-4D9B-9B5B-75A95809B048}.Release|Any CPU.Build.0 = Release|Any CPU
		{0877FF0D-E5D4-4434-AFBE-F6716EE0FF2D}.Debug|Any CPU.ActiveCfg = Debug|Any CPU
		{0877FF0D-E5D4-4434-AFBE-F6716EE0FF2D}.Debug|Any CPU.Build.0 = Debug|Any CPU
		{0877FF0D-E5D4-4434-AFBE-F6716EE0FF2D}.Release|Any CPU.ActiveCfg = Release|Any CPU
		{0877FF0D-E5D4-4434-AFBE-F6716EE0FF2D}.Release|Any CPU.Build.0 = Release|Any CPU
	EndGlobalSection
	GlobalSection(SolutionProperties) = preSolution
		HideSolutionNode = FALSE
	EndGlobalSection
EndGlobal
